
Microsoft Visual Studio Solution File, Format Version 12.00
# Visual Studio Version 17
VisualStudioVersion = 17.0.31903.59
MinimumVisualStudioVersion = 10.0.40219.1
Project("{2150E333-8FDC-42A3-9474-1A3956D46DE8}") = "src", "src", "{0BF78994-E153-4B9A-AA77-9C937FB1BC12}"
EndProject
Project("{FAE04EC0-301F-11D3-BF4B-00C04F79EFBC}") = "Chatter.AppHost", "src\Chatter.AppHost\Chatter.AppHost.csproj", "{F7A8B567-7383-4D6B-9D72-108479B5394E}"
EndProject
Project("{FAE04EC0-301F-11D3-BF4B-00C04F79EFBC}") = "Chatter.Keycloak.Gateaway", "src\Chatter.Keycloak.Gateaway\Chatter.Keycloak.Gateaway.csproj", "{40A30B48-06EF-4063-B857-4F42F9B669D6}"
EndProject
Project("{FAE04EC0-301F-11D3-BF4B-00C04F79EFBC}") = "Chatter.Messages.Application", "src\Chatter.Messages.Application\Chatter.Messages.Application.csproj", "{6762E1D7-AA13-452F-93C3-3C3FED43CADF}"
EndProject
Project("{FAE04EC0-301F-11D3-BF4B-00C04F79EFBC}") = "Chatter.Messages.DataAccess", "src\Chatter.Messages.DataAccess\Chatter.Messages.DataAccess.csproj", "{13B4AAF7-ECDC-4E2E-96A3-B9DA092EAB7C}"
EndProject
Project("{FAE04EC0-301F-11D3-BF4B-00C04F79EFBC}") = "Chatter.Messages.Domain", "src\Chatter.Messages.Domain\Chatter.Messages.Domain.csproj", "{EA54DCCF-A295-494A-A6CF-13121B047996}"
EndProject
Project("{FAE04EC0-301F-11D3-BF4B-00C04F79EFBC}") = "Chatter.Messages.Gateaway", "src\Chatter.Messages.Gateaway\Chatter.Messages.Gateaway.csproj", "{A583610B-0EA3-4FEC-A917-435B6176F10A}"
EndProject
Project("{FAE04EC0-301F-11D3-BF4B-00C04F79EFBC}") = "Chatter.Messages.Presentation", "src\Chatter.Messages.Presentation\Chatter.Messages.Presentation.csproj", "{7CA64AB7-F229-4830-B00D-3DAB397CEEF2}"
EndProject
Project("{FAE04EC0-301F-11D3-BF4B-00C04F79EFBC}") = "Chatter.Shared.Context", "src\Chatter.Shared.Context\Chatter.Shared.Context.csproj", "{C13C0F43-6597-47FF-A354-C707A39AE0D9}"
EndProject
Project("{FAE04EC0-301F-11D3-BF4B-00C04F79EFBC}") = "Chatter.Shared.Domain", "src\Chatter.Shared.Domain\Chatter.Shared.Domain.csproj", "{387B824E-C23B-4B21-BC8B-D176CC42BF60}"
EndProject
Project("{FAE04EC0-301F-11D3-BF4B-00C04F79EFBC}") = "Chatter.Shared.KeycloakEventsProcessor", "src\Chatter.Shared.KeycloakEventsProcessor\Chatter.Shared.KeycloakEventsProcessor.csproj", "{3C0A068E-515E-4EEF-AC56-764C089923BB}"
EndProject
Project("{FAE04EC0-301F-11D3-BF4B-00C04F79EFBC}") = "Chatter.SignalRService", "src\Chatter.SignalRService\Chatter.SignalRService.csproj", "{6B78948B-A511-44EA-A13A-22C0AD386F64}"
EndProject
Project("{FAE04EC0-301F-11D3-BF4B-00C04F79EFBC}") = "Chatter.SyncKeycloakEventsJob", "src\Chatter.SyncKeycloakEventsJob\Chatter.SyncKeycloakEventsJob.csproj", "{B2E737EA-F00B-4EA1-B2A9-8FFA785B1CC8}"
EndProject
Project("{FAE04EC0-301F-11D3-BF4B-00C04F79EFBC}") = "Chatter.Users.Application", "src\Chatter.Users.Application\Chatter.Users.Application.csproj", "{D5A36280-DF10-478B-87FB-DA8A10C22B42}"
EndProject
Project("{FAE04EC0-301F-11D3-BF4B-00C04F79EFBC}") = "Chatter.Users.DataAccess", "src\Chatter.Users.DataAccess\Chatter.Users.DataAccess.csproj", "{CBF3551B-95C0-497D-BEC1-53EB0721713E}"
EndProject
Project("{FAE04EC0-301F-11D3-BF4B-00C04F79EFBC}") = "Chatter.Users.Presentation", "src\Chatter.Users.Presentation\Chatter.Users.Presentation.csproj", "{200352B5-5D32-4073-AE7E-228D57AF7D95}"
EndProject
Project("{2150E333-8FDC-42A3-9474-1A3956D46DE8}") = "Core", "Core", "{B2F93E00-CEC1-4646-A391-8541FD93F099}"
EndProject
Project("{FAE04EC0-301F-11D3-BF4B-00C04F79EFBC}") = "Core.CQRS", "src\Core\Core.CQRS\Core.CQRS.csproj", "{EE679ADF-C66A-4354-A9CA-5931411C44CE}"
EndProject
Project("{FAE04EC0-301F-11D3-BF4B-00C04F79EFBC}") = "Core.DataAccessTypes", "src\Core\Core.DataAccessTypes\Core.DataAccessTypes.csproj", "{C480FE7F-7EB3-4FCD-9DA1-2B158726275A}"
EndProject
Project("{FAE04EC0-301F-11D3-BF4B-00C04F79EFBC}") = "Core.DateTimeProvider", "src\Core\Core.DateTimeProvider\Core.DateTimeProvider.csproj", "{14714296-AFCD-40C5-B762-8317B68562BA}"
EndProject
Project("{FAE04EC0-301F-11D3-BF4B-00C04F79EFBC}") = "Core.DomainTypes", "src\Core\Core.DomainTypes\Core.DomainTypes.csproj", "{6F3EF37E-569C-4F0F-B010-714366337092}"
EndProject
Project("{FAE04EC0-301F-11D3-BF4B-00C04F79EFBC}") = "Core.Infrastructure", "src\Core\Core.Infrastructure\Core.Infrastructure.csproj", "{716F8189-684D-4687-BF25-B42EEABB9BF6}"
EndProject
Project("{FAE04EC0-301F-11D3-BF4B-00C04F79EFBC}") = "Core.KafkaConsumer", "src\Core\Core.KafkaConsumer\Core.KafkaConsumer.csproj", "{4A05BA85-BA74-4762-878C-9B25467C0F26}"
EndProject
Project("{FAE04EC0-301F-11D3-BF4B-00C04F79EFBC}") = "Core.KafkaProducer", "src\Core\Core.KafkaProducer\Core.KafkaProducer.csproj", "{B9AAEC0A-7973-401D-AE55-A30A30C677D5}"
EndProject
Project("{FAE04EC0-301F-11D3-BF4B-00C04F79EFBC}") = "Core.KeycloakService", "src\Core\Core.KeycloakService\Core.KeycloakService.csproj", "{9AEC58C6-7FC5-4D1D-9A5C-23937213CB0E}"
EndProject
Project("{FAE04EC0-301F-11D3-BF4B-00C04F79EFBC}") = "Core.Logger", "src\Core\Core.Logger\Core.Logger.csproj", "{D4C2EDDA-91FD-47F7-863A-0C7C9EAF4DDF}"
EndProject
Project("{FAE04EC0-301F-11D3-BF4B-00C04F79EFBC}") = "Core.Migrator", "src\Core\Core.Migrator\Core.Migrator.csproj", "{8BD8E07F-4688-4389-ADC6-69A0F9BB7B58}"
EndProject
Project("{FAE04EC0-301F-11D3-BF4B-00C04F79EFBC}") = "Core.Outbox", "src\Core\Core.Outbox\Core.Outbox.csproj", "{7A47A56D-C870-4742-B127-02814A873411}"
EndProject
Project("{FAE04EC0-301F-11D3-BF4B-00C04F79EFBC}") = "Core.Pager", "src\Core\Core.Pager\Core.Pager.csproj", "{6D558A4A-A5F0-4CDF-9796-E539116FE689}"
EndProject
Project("{FAE04EC0-301F-11D3-BF4B-00C04F79EFBC}") = "Core.ResultPattern", "src\Core\Core.ResultPattern\Core.ResultPattern.csproj", "{A130FB7A-0D40-4788-A8D2-125FAAED0778}"
EndProject
Project("{FAE04EC0-301F-11D3-BF4B-00C04F79EFBC}") = "Core.Web", "src\Core\Core.Web\Core.Web.csproj", "{0D2E7487-EE5B-4BFC-8FC7-39294DE27957}"
EndProject
Project("{2150E333-8FDC-42A3-9474-1A3956D46DE8}") = "tests", "tests", "{647C3604-80EE-4263-9072-75A82B24FEE8}"
EndProject
Project("{FAE04EC0-301F-11D3-BF4B-00C04F79EFBC}") = "Chatter.IntegrationTests.Messages", "tests\Chatter.IntegrationTests.Messages\Chatter.IntegrationTests.Messages.csproj", "{2C7BA350-7151-4360-A048-6CD624CD41C6}"
EndProject
Project("{FAE04EC0-301F-11D3-BF4B-00C04F79EFBC}") = "Chatter.IntegrationTests.Shared", "tests\Chatter.IntegrationTests.Shared\Chatter.IntegrationTests.Shared.csproj", "{E4FFF670-C07C-41D7-A6CB-6841A4E75E91}"
EndProject
Project("{FAE04EC0-301F-11D3-BF4B-00C04F79EFBC}") = "Chatter.IntegrationTests.Users", "tests\Chatter.IntegrationTests.Users\Chatter.IntegrationTests.Users.csproj", "{633D2D1B-725F-4A32-99AC-FFBEB91E853B}"
EndProject
Project("{2150E333-8FDC-42A3-9474-1A3956D46DE8}") = "Core", "Core", "{3E8FDD34-90B1-4C5C-B65F-F0998486BF74}"
EndProject
Project("{FAE04EC0-301F-11D3-BF4B-00C04F79EFBC}") = "Core.InfrastructureTests.DataAccessTypes", "tests\Core\Core.InfrastructureTests.DataAccessTypes\Core.InfrastructureTests.DataAccessTypes.csproj", "{6558728B-3238-4C98-91BD-D67DDB83330D}"
EndProject
Project("{FAE04EC0-301F-11D3-BF4B-00C04F79EFBC}") = "Core.InfrastructureTests.Kafka", "tests\Core\Core.InfrastructureTests.Kafka\Core.InfrastructureTests.Kafka.csproj", "{0DD02E6D-D79D-41D2-807B-67A2C48F5978}"
EndProject
Project("{FAE04EC0-301F-11D3-BF4B-00C04F79EFBC}") = "Core.InfrastructureTests.KeycloakIntegration", "tests\Core\Core.InfrastructureTests.KeycloakIntegration\Core.InfrastructureTests.KeycloakIntegration.csproj", "{16B8E68C-64F8-419F-B358-FC751A9FD861}"
EndProject
Project("{FAE04EC0-301F-11D3-BF4B-00C04F79EFBC}") = "Core.InfrastructureTests.Migrator", "tests\Core\Core.InfrastructureTests.Migrator\Core.InfrastructureTests.Migrator.csproj", "{C5EBAC68-339E-4A42-B5BB-203FB00B5841}"
EndProject
Project("{FAE04EC0-301F-11D3-BF4B-00C04F79EFBC}") = "Core.InfrastructureTests.Outbox", "tests\Core\Core.InfrastructureTests.Outbox\Core.InfrastructureTests.Outbox.csproj", "{FE0622C1-B028-46AF-A4D1-6C115D79336E}"
EndProject
Project("{FAE04EC0-301F-11D3-BF4B-00C04F79EFBC}") = "Core.UnitTests.CQRS", "tests\Core\Core.UnitTests.CQRS\Core.UnitTests.CQRS.csproj", "{5A295EF9-4739-4342-AE1C-223B9FDA6415}"
EndProject
Project("{FAE04EC0-301F-11D3-BF4B-00C04F79EFBC}") = "Core.UnitTests.Infrastructure", "tests\Core\Core.UnitTests.Infrastructure\Core.UnitTests.Infrastructure.csproj", "{5A140620-046B-4A49-8937-42E6852D78C3}"
EndProject
Global
	GlobalSection(SolutionConfigurationPlatforms) = preSolution
		Debug|Any CPU = Debug|Any CPU
		Release|Any CPU = Release|Any CPU
	EndGlobalSection
	GlobalSection(SolutionProperties) = preSolution
		HideSolutionNode = FALSE
	EndGlobalSection
	GlobalSection(ProjectConfigurationPlatforms) = postSolution
		{F7A8B567-7383-4D6B-9D72-108479B5394E}.Debug|Any CPU.ActiveCfg = Debug|Any CPU
		{F7A8B567-7383-4D6B-9D72-108479B5394E}.Debug|Any CPU.Build.0 = Debug|Any CPU
		{F7A8B567-7383-4D6B-9D72-108479B5394E}.Release|Any CPU.ActiveCfg = Release|Any CPU
		{F7A8B567-7383-4D6B-9D72-108479B5394E}.Release|Any CPU.Build.0 = Release|Any CPU
		{40A30B48-06EF-4063-B857-4F42F9B669D6}.Debug|Any CPU.ActiveCfg = Debug|Any CPU
		{40A30B48-06EF-4063-B857-4F42F9B669D6}.Debug|Any CPU.Build.0 = Debug|Any CPU
		{40A30B48-06EF-4063-B857-4F42F9B669D6}.Release|Any CPU.ActiveCfg = Release|Any CPU
		{40A30B48-06EF-4063-B857-4F42F9B669D6}.Release|Any CPU.Build.0 = Release|Any CPU
		{6762E1D7-AA13-452F-93C3-3C3FED43CADF}.Debug|Any CPU.ActiveCfg = Debug|Any CPU
		{6762E1D7-AA13-452F-93C3-3C3FED43CADF}.Debug|Any CPU.Build.0 = Debug|Any CPU
		{6762E1D7-AA13-452F-93C3-3C3FED43CADF}.Release|Any CPU.ActiveCfg = Release|Any CPU
		{6762E1D7-AA13-452F-93C3-3C3FED43CADF}.Release|Any CPU.Build.0 = Release|Any CPU
		{13B4AAF7-ECDC-4E2E-96A3-B9DA092EAB7C}.Debug|Any CPU.ActiveCfg = Debug|Any CPU
		{13B4AAF7-ECDC-4E2E-96A3-B9DA092EAB7C}.Debug|Any CPU.Build.0 = Debug|Any CPU
		{13B4AAF7-ECDC-4E2E-96A3-B9DA092EAB7C}.Release|Any CPU.ActiveCfg = Release|Any CPU
		{13B4AAF7-ECDC-4E2E-96A3-B9DA092EAB7C}.Release|Any CPU.Build.0 = Release|Any CPU
		{EA54DCCF-A295-494A-A6CF-13121B047996}.Debug|Any CPU.ActiveCfg = Debug|Any CPU
		{EA54DCCF-A295-494A-A6CF-13121B047996}.Debug|Any CPU.Build.0 = Debug|Any CPU
		{EA54DCCF-A295-494A-A6CF-13121B047996}.Release|Any CPU.ActiveCfg = Release|Any CPU
		{EA54DCCF-A295-494A-A6CF-13121B047996}.Release|Any CPU.Build.0 = Release|Any CPU
		{A583610B-0EA3-4FEC-A917-435B6176F10A}.Debug|Any CPU.ActiveCfg = Debug|Any CPU
		{A583610B-0EA3-4FEC-A917-435B6176F10A}.Debug|Any CPU.Build.0 = Debug|Any CPU
		{A583610B-0EA3-4FEC-A917-435B6176F10A}.Release|Any CPU.ActiveCfg = Release|Any CPU
		{A583610B-0EA3-4FEC-A917-435B6176F10A}.Release|Any CPU.Build.0 = Release|Any CPU
		{7CA64AB7-F229-4830-B00D-3DAB397CEEF2}.Debug|Any CPU.ActiveCfg = Debug|Any CPU
		{7CA64AB7-F229-4830-B00D-3DAB397CEEF2}.Debug|Any CPU.Build.0 = Debug|Any CPU
		{7CA64AB7-F229-4830-B00D-3DAB397CEEF2}.Release|Any CPU.ActiveCfg = Release|Any CPU
		{7CA64AB7-F229-4830-B00D-3DAB397CEEF2}.Release|Any CPU.Build.0 = Release|Any CPU
		{C13C0F43-6597-47FF-A354-C707A39AE0D9}.Debug|Any CPU.ActiveCfg = Debug|Any CPU
		{C13C0F43-6597-47FF-A354-C707A39AE0D9}.Debug|Any CPU.Build.0 = Debug|Any CPU
		{C13C0F43-6597-47FF-A354-C707A39AE0D9}.Release|Any CPU.ActiveCfg = Release|Any CPU
		{C13C0F43-6597-47FF-A354-C707A39AE0D9}.Release|Any CPU.Build.0 = Release|Any CPU
		{387B824E-C23B-4B21-BC8B-D176CC42BF60}.Debug|Any CPU.ActiveCfg = Debug|Any CPU
		{387B824E-C23B-4B21-BC8B-D176CC42BF60}.Debug|Any CPU.Build.0 = Debug|Any CPU
		{387B824E-C23B-4B21-BC8B-D176CC42BF60}.Release|Any CPU.ActiveCfg = Release|Any CPU
		{387B824E-C23B-4B21-BC8B-D176CC42BF60}.Release|Any CPU.Build.0 = Release|Any CPU
		{3C0A068E-515E-4EEF-AC56-764C089923BB}.Debug|Any CPU.ActiveCfg = Debug|Any CPU
		{3C0A068E-515E-4EEF-AC56-764C089923BB}.Debug|Any CPU.Build.0 = Debug|Any CPU
		{3C0A068E-515E-4EEF-AC56-764C089923BB}.Release|Any CPU.ActiveCfg = Release|Any CPU
		{3C0A068E-515E-4EEF-AC56-764C089923BB}.Release|Any CPU.Build.0 = Release|Any CPU
		{6B78948B-A511-44EA-A13A-22C0AD386F64}.Debug|Any CPU.ActiveCfg = Debug|Any CPU
		{6B78948B-A511-44EA-A13A-22C0AD386F64}.Debug|Any CPU.Build.0 = Debug|Any CPU
		{6B78948B-A511-44EA-A13A-22C0AD386F64}.Release|Any CPU.ActiveCfg = Release|Any CPU
		{6B78948B-A511-44EA-A13A-22C0AD386F64}.Release|Any CPU.Build.0 = Release|Any CPU
		{B2E737EA-F00B-4EA1-B2A9-8FFA785B1CC8}.Debug|Any CPU.ActiveCfg = Debug|Any CPU
		{B2E737EA-F00B-4EA1-B2A9-8FFA785B1CC8}.Debug|Any CPU.Build.0 = Debug|Any CPU
		{B2E737EA-F00B-4EA1-B2A9-8FFA785B1CC8}.Release|Any CPU.ActiveCfg = Release|Any CPU
		{B2E737EA-F00B-4EA1-B2A9-8FFA785B1CC8}.Release|Any CPU.Build.0 = Release|Any CPU
		{D5A36280-DF10-478B-87FB-DA8A10C22B42}.Debug|Any CPU.ActiveCfg = Debug|Any CPU
		{D5A36280-DF10-478B-87FB-DA8A10C22B42}.Debug|Any CPU.Build.0 = Debug|Any CPU
		{D5A36280-DF10-478B-87FB-DA8A10C22B42}.Release|Any CPU.ActiveCfg = Release|Any CPU
		{D5A36280-DF10-478B-87FB-DA8A10C22B42}.Release|Any CPU.Build.0 = Release|Any CPU
		{CBF3551B-95C0-497D-BEC1-53EB0721713E}.Debug|Any CPU.ActiveCfg = Debug|Any CPU
		{CBF3551B-95C0-497D-BEC1-53EB0721713E}.Debug|Any CPU.Build.0 = Debug|Any CPU
		{CBF3551B-95C0-497D-BEC1-53EB0721713E}.Release|Any CPU.ActiveCfg = Release|Any CPU
		{CBF3551B-95C0-497D-BEC1-53EB0721713E}.Release|Any CPU.Build.0 = Release|Any CPU
		{200352B5-5D32-4073-AE7E-228D57AF7D95}.Debug|Any CPU.ActiveCfg = Debug|Any CPU
		{200352B5-5D32-4073-AE7E-228D57AF7D95}.Debug|Any CPU.Build.0 = Debug|Any CPU
		{200352B5-5D32-4073-AE7E-228D57AF7D95}.Release|Any CPU.ActiveCfg = Release|Any CPU
		{200352B5-5D32-4073-AE7E-228D57AF7D95}.Release|Any CPU.Build.0 = Release|Any CPU
		{EE679ADF-C66A-4354-A9CA-5931411C44CE}.Debug|Any CPU.ActiveCfg = Debug|Any CPU
		{EE679ADF-C66A-4354-A9CA-5931411C44CE}.Debug|Any CPU.Build.0 = Debug|Any CPU
		{EE679ADF-C66A-4354-A9CA-5931411C44CE}.Release|Any CPU.ActiveCfg = Release|Any CPU
		{EE679ADF-C66A-4354-A9CA-5931411C44CE}.Release|Any CPU.Build.0 = Release|Any CPU
		{C480FE7F-7EB3-4FCD-9DA1-2B158726275A}.Debug|Any CPU.ActiveCfg = Debug|Any CPU
		{C480FE7F-7EB3-4FCD-9DA1-2B158726275A}.Debug|Any CPU.Build.0 = Debug|Any CPU
		{C480FE7F-7EB3-4FCD-9DA1-2B158726275A}.Release|Any CPU.ActiveCfg = Release|Any CPU
		{C480FE7F-7EB3-4FCD-9DA1-2B158726275A}.Release|Any CPU.Build.0 = Release|Any CPU
		{14714296-AFCD-40C5-B762-8317B68562BA}.Debug|Any CPU.ActiveCfg = Debug|Any CPU
		{14714296-AFCD-40C5-B762-8317B68562BA}.Debug|Any CPU.Build.0 = Debug|Any CPU
		{14714296-AFCD-40C5-B762-8317B68562BA}.Release|Any CPU.ActiveCfg = Release|Any CPU
		{14714296-AFCD-40C5-B762-8317B68562BA}.Release|Any CPU.Build.0 = Release|Any CPU
		{6F3EF37E-569C-4F0F-B010-714366337092}.Debug|Any CPU.ActiveCfg = Debug|Any CPU
		{6F3EF37E-569C-4F0F-B010-714366337092}.Debug|Any CPU.Build.0 = Debug|Any CPU
		{6F3EF37E-569C-4F0F-B010-714366337092}.Release|Any CPU.ActiveCfg = Release|Any CPU
		{6F3EF37E-569C-4F0F-B010-714366337092}.Release|Any CPU.Build.0 = Release|Any CPU
		{716F8189-684D-4687-BF25-B42EEABB9BF6}.Debug|Any CPU.ActiveCfg = Debug|Any CPU
		{716F8189-684D-4687-BF25-B42EEABB9BF6}.Debug|Any CPU.Build.0 = Debug|Any CPU
		{716F8189-684D-4687-BF25-B42EEABB9BF6}.Release|Any CPU.ActiveCfg = Release|Any CPU
		{716F8189-684D-4687-BF25-B42EEABB9BF6}.Release|Any CPU.Build.0 = Release|Any CPU
		{4A05BA85-BA74-4762-878C-9B25467C0F26}.Debug|Any CPU.ActiveCfg = Debug|Any CPU
		{4A05BA85-BA74-4762-878C-9B25467C0F26}.Debug|Any CPU.Build.0 = Debug|Any CPU
		{4A05BA85-BA74-4762-878C-9B25467C0F26}.Release|Any CPU.ActiveCfg = Release|Any CPU
		{4A05BA85-BA74-4762-878C-9B25467C0F26}.Release|Any CPU.Build.0 = Release|Any CPU
		{B9AAEC0A-7973-401D-AE55-A30A30C677D5}.Debug|Any CPU.ActiveCfg = Debug|Any CPU
		{B9AAEC0A-7973-401D-AE55-A30A30C677D5}.Debug|Any CPU.Build.0 = Debug|Any CPU
		{B9AAEC0A-7973-401D-AE55-A30A30C677D5}.Release|Any CPU.ActiveCfg = Release|Any CPU
		{B9AAEC0A-7973-401D-AE55-A30A30C677D5}.Release|Any CPU.Build.0 = Release|Any CPU
		{9AEC58C6-7FC5-4D1D-9A5C-23937213CB0E}.Debug|Any CPU.ActiveCfg = Debug|Any CPU
		{9AEC58C6-7FC5-4D1D-9A5C-23937213CB0E}.Debug|Any CPU.Build.0 = Debug|Any CPU
		{9AEC58C6-7FC5-4D1D-9A5C-23937213CB0E}.Release|Any CPU.ActiveCfg = Release|Any CPU
		{9AEC58C6-7FC5-4D1D-9A5C-23937213CB0E}.Release|Any CPU.Build.0 = Release|Any CPU
		{D4C2EDDA-91FD-47F7-863A-0C7C9EAF4DDF}.Debug|Any CPU.ActiveCfg = Debug|Any CPU
		{D4C2EDDA-91FD-47F7-863A-0C7C9EAF4DDF}.Debug|Any CPU.Build.0 = Debug|Any CPU
		{D4C2EDDA-91FD-47F7-863A-0C7C9EAF4DDF}.Release|Any CPU.ActiveCfg = Release|Any CPU
		{D4C2EDDA-91FD-47F7-863A-0C7C9EAF4DDF}.Release|Any CPU.Build.0 = Release|Any CPU
		{8BD8E07F-4688-4389-ADC6-69A0F9BB7B58}.Debug|Any CPU.ActiveCfg = Debug|Any CPU
		{8BD8E07F-4688-4389-ADC6-69A0F9BB7B58}.Debug|Any CPU.Build.0 = Debug|Any CPU
		{8BD8E07F-4688-4389-ADC6-69A0F9BB7B58}.Release|Any CPU.ActiveCfg = Release|Any CPU
		{8BD8E07F-4688-4389-ADC6-69A0F9BB7B58}.Release|Any CPU.Build.0 = Release|Any CPU
		{7A47A56D-C870-4742-B127-02814A873411}.Debug|Any CPU.ActiveCfg = Debug|Any CPU
		{7A47A56D-C870-4742-B127-02814A873411}.Debug|Any CPU.Build.0 = Debug|Any CPU
		{7A47A56D-C870-4742-B127-02814A873411}.Release|Any CPU.ActiveCfg = Release|Any CPU
		{7A47A56D-C870-4742-B127-02814A873411}.Release|Any CPU.Build.0 = Release|Any CPU
		{6D558A4A-A5F0-4CDF-9796-E539116FE689}.Debug|Any CPU.ActiveCfg = Debug|Any CPU
		{6D558A4A-A5F0-4CDF-9796-E539116FE689}.Debug|Any CPU.Build.0 = Debug|Any CPU
		{6D558A4A-A5F0-4CDF-9796-E539116FE689}.Release|Any CPU.ActiveCfg = Release|Any CPU
		{6D558A4A-A5F0-4CDF-9796-E539116FE689}.Release|Any CPU.Build.0 = Release|Any CPU
		{A130FB7A-0D40-4788-A8D2-125FAAED0778}.Debug|Any CPU.ActiveCfg = Debug|Any CPU
		{A130FB7A-0D40-4788-A8D2-125FAAED0778}.Debug|Any CPU.Build.0 = Debug|Any CPU
		{A130FB7A-0D40-4788-A8D2-125FAAED0778}.Release|Any CPU.ActiveCfg = Release|Any CPU
		{A130FB7A-0D40-4788-A8D2-125FAAED0778}.Release|Any CPU.Build.0 = Release|Any CPU
		{0D2E7487-EE5B-4BFC-8FC7-39294DE27957}.Debug|Any CPU.ActiveCfg = Debug|Any CPU
		{0D2E7487-EE5B-4BFC-8FC7-39294DE27957}.Debug|Any CPU.Build.0 = Debug|Any CPU
		{0D2E7487-EE5B-4BFC-8FC7-39294DE27957}.Release|Any CPU.ActiveCfg = Release|Any CPU
		{0D2E7487-EE5B-4BFC-8FC7-39294DE27957}.Release|Any CPU.Build.0 = Release|Any CPU
		{2C7BA350-7151-4360-A048-6CD624CD41C6}.Debug|Any CPU.ActiveCfg = Debug|Any CPU
		{2C7BA350-7151-4360-A048-6CD624CD41C6}.Debug|Any CPU.Build.0 = Debug|Any CPU
		{2C7BA350-7151-4360-A048-6CD624CD41C6}.Release|Any CPU.ActiveCfg = Release|Any CPU
		{2C7BA350-7151-4360-A048-6CD624CD41C6}.Release|Any CPU.Build.0 = Release|Any CPU
		{E4FFF670-C07C-41D7-A6CB-6841A4E75E91}.Debug|Any CPU.ActiveCfg = Debug|Any CPU
		{E4FFF670-C07C-41D7-A6CB-6841A4E75E91}.Debug|Any CPU.Build.0 = Debug|Any CPU
		{E4FFF670-C07C-41D7-A6CB-6841A4E75E91}.Release|Any CPU.ActiveCfg = Release|Any CPU
		{E4FFF670-C07C-41D7-A6CB-6841A4E75E91}.Release|Any CPU.Build.0 = Release|Any CPU
		{633D2D1B-725F-4A32-99AC-FFBEB91E853B}.Debug|Any CPU.ActiveCfg = Debug|Any CPU
		{633D2D1B-725F-4A32-99AC-FFBEB91E853B}.Debug|Any CPU.Build.0 = Debug|Any CPU
		{633D2D1B-725F-4A32-99AC-FFBEB91E853B}.Release|Any CPU.ActiveCfg = Release|Any CPU
		{633D2D1B-725F-4A32-99AC-FFBEB91E853B}.Release|Any CPU.Build.0 = Release|Any CPU
		{6558728B-3238-4C98-91BD-D67DDB83330D}.Debug|Any CPU.ActiveCfg = Debug|Any CPU
		{6558728B-3238-4C98-91BD-D67DDB83330D}.Debug|Any CPU.Build.0 = Debug|Any CPU
		{6558728B-3238-4C98-91BD-D67DDB83330D}.Release|Any CPU.ActiveCfg = Release|Any CPU
		{6558728B-3238-4C98-91BD-D67DDB83330D}.Release|Any CPU.Build.0 = Release|Any CPU
		{0DD02E6D-D79D-41D2-807B-67A2C48F5978}.Debug|Any CPU.ActiveCfg = Debug|Any CPU
		{0DD02E6D-D79D-41D2-807B-67A2C48F5978}.Debug|Any CPU.Build.0 = Debug|Any CPU
		{0DD02E6D-D79D-41D2-807B-67A2C48F5978}.Release|Any CPU.ActiveCfg = Release|Any CPU
		{0DD02E6D-D79D-41D2-807B-67A2C48F5978}.Release|Any CPU.Build.0 = Release|Any CPU
		{16B8E68C-64F8-419F-B358-FC751A9FD861}.Debug|Any CPU.ActiveCfg = Debug|Any CPU
		{16B8E68C-64F8-419F-B358-FC751A9FD861}.Debug|Any CPU.Build.0 = Debug|Any CPU
		{16B8E68C-64F8-419F-B358-FC751A9FD861}.Release|Any CPU.ActiveCfg = Release|Any CPU
		{16B8E68C-64F8-419F-B358-FC751A9FD861}.Release|Any CPU.Build.0 = Release|Any CPU
		{C5EBAC68-339E-4A42-B5BB-203FB00B5841}.Debug|Any CPU.ActiveCfg = Debug|Any CPU
		{C5EBAC68-339E-4A42-B5BB-203FB00B5841}.Debug|Any CPU.Build.0 = Debug|Any CPU
		{C5EBAC68-339E-4A42-B5BB-203FB00B5841}.Release|Any CPU.ActiveCfg = Release|Any CPU
		{C5EBAC68-339E-4A42-B5BB-203FB00B5841}.Release|Any CPU.Build.0 = Release|Any CPU
		{FE0622C1-B028-46AF-A4D1-6C115D79336E}.Debug|Any CPU.ActiveCfg = Debug|Any CPU
		{FE0622C1-B028-46AF-A4D1-6C115D79336E}.Debug|Any CPU.Build.0 = Debug|Any CPU
		{FE0622C1-B028-46AF-A4D1-6C115D79336E}.Release|Any CPU.ActiveCfg = Release|Any CPU
		{FE0622C1-B028-46AF-A4D1-6C115D79336E}.Release|Any CPU.Build.0 = Release|Any CPU
		{5A295EF9-4739-4342-AE1C-223B9FDA6415}.Debug|Any CPU.ActiveCfg = Debug|Any CPU
		{5A295EF9-4739-4342-AE1C-223B9FDA6415}.Debug|Any CPU.Build.0 = Debug|Any CPU
		{5A295EF9-4739-4342-AE1C-223B9FDA6415}.Release|Any CPU.ActiveCfg = Release|Any CPU
		{5A295EF9-4739-4342-AE1C-223B9FDA6415}.Release|Any CPU.Build.0 = Release|Any CPU
		{5A140620-046B-4A49-8937-42E6852D78C3}.Debug|Any CPU.ActiveCfg = Debug|Any CPU
		{5A140620-046B-4A49-8937-42E6852D78C3}.Debug|Any CPU.Build.0 = Debug|Any CPU
		{5A140620-046B-4A49-8937-42E6852D78C3}.Release|Any CPU.ActiveCfg = Release|Any CPU
		{5A140620-046B-4A49-8937-42E6852D78C3}.Release|Any CPU.Build.0 = Release|Any CPU
	EndGlobalSection
	GlobalSection(NestedProjects) = preSolution
		{F7A8B567-7383-4D6B-9D72-108479B5394E} = {0BF78994-E153-4B9A-AA77-9C937FB1BC12}
		{40A30B48-06EF-4063-B857-4F42F9B669D6} = {0BF78994-E153-4B9A-AA77-9C937FB1BC12}
		{6762E1D7-AA13-452F-93C3-3C3FED43CADF} = {0BF78994-E153-4B9A-AA77-9C937FB1BC12}
		{13B4AAF7-ECDC-4E2E-96A3-B9DA092EAB7C} = {0BF78994-E153-4B9A-AA77-9C937FB1BC12}
		{EA54DCCF-A295-494A-A6CF-13121B047996} = {0BF78994-E153-4B9A-AA77-9C937FB1BC12}
		{A583610B-0EA3-4FEC-A917-435B6176F10A} = {0BF78994-E153-4B9A-AA77-9C937FB1BC12}
		{7CA64AB7-F229-4830-B00D-3DAB397CEEF2} = {0BF78994-E153-4B9A-AA77-9C937FB1BC12}
		{C13C0F43-6597-47FF-A354-C707A39AE0D9} = {0BF78994-E153-4B9A-AA77-9C937FB1BC12}
		{387B824E-C23B-4B21-BC8B-D176CC42BF60} = {0BF78994-E153-4B9A-AA77-9C937FB1BC12}
		{3C0A068E-515E-4EEF-AC56-764C089923BB} = {0BF78994-E153-4B9A-AA77-9C937FB1BC12}
		{6B78948B-A511-44EA-A13A-22C0AD386F64} = {0BF78994-E153-4B9A-AA77-9C937FB1BC12}
		{B2E737EA-F00B-4EA1-B2A9-8FFA785B1CC8} = {0BF78994-E153-4B9A-AA77-9C937FB1BC12}
		{D5A36280-DF10-478B-87FB-DA8A10C22B42} = {0BF78994-E153-4B9A-AA77-9C937FB1BC12}
		{CBF3551B-95C0-497D-BEC1-53EB0721713E} = {0BF78994-E153-4B9A-AA77-9C937FB1BC12}
		{200352B5-5D32-4073-AE7E-228D57AF7D95} = {0BF78994-E153-4B9A-AA77-9C937FB1BC12}
		{B2F93E00-CEC1-4646-A391-8541FD93F099} = {0BF78994-E153-4B9A-AA77-9C937FB1BC12}
		{EE679ADF-C66A-4354-A9CA-5931411C44CE} = {B2F93E00-CEC1-4646-A391-8541FD93F099}
		{C480FE7F-7EB3-4FCD-9DA1-2B158726275A} = {B2F93E00-CEC1-4646-A391-8541FD93F099}
		{14714296-AFCD-40C5-B762-8317B68562BA} = {B2F93E00-CEC1-4646-A391-8541FD93F099}
		{6F3EF37E-569C-4F0F-B010-714366337092} = {B2F93E00-CEC1-4646-A391-8541FD93F099}
		{716F8189-684D-4687-BF25-B42EEABB9BF6} = {B2F93E00-CEC1-4646-A391-8541FD93F099}
		{4A05BA85-BA74-4762-878C-9B25467C0F26} = {B2F93E00-CEC1-4646-A391-8541FD93F099}
		{B9AAEC0A-7973-401D-AE55-A30A30C677D5} = {B2F93E00-CEC1-4646-A391-8541FD93F099}
		{9AEC58C6-7FC5-4D1D-9A5C-23937213CB0E} = {B2F93E00-CEC1-4646-A391-8541FD93F099}
		{D4C2EDDA-91FD-47F7-863A-0C7C9EAF4DDF} = {B2F93E00-CEC1-4646-A391-8541FD93F099}
		{8BD8E07F-4688-4389-ADC6-69A0F9BB7B58} = {B2F93E00-CEC1-4646-A391-8541FD93F099}
		{7A47A56D-C870-4742-B127-02814A873411} = {B2F93E00-CEC1-4646-A391-8541FD93F099}
		{6D558A4A-A5F0-4CDF-9796-E539116FE689} = {B2F93E00-CEC1-4646-A391-8541FD93F099}
		{A130FB7A-0D40-4788-A8D2-125FAAED0778} = {B2F93E00-CEC1-4646-A391-8541FD93F099}
		{0D2E7487-EE5B-4BFC-8FC7-39294DE27957} = {B2F93E00-CEC1-4646-A391-8541FD93F099}
		{2C7BA350-7151-4360-A048-6CD624CD41C6} = {647C3604-80EE-4263-9072-75A82B24FEE8}
		{E4FFF670-C07C-41D7-A6CB-6841A4E75E91} = {647C3604-80EE-4263-9072-75A82B24FEE8}
		{633D2D1B-725F-4A32-99AC-FFBEB91E853B} = {647C3604-80EE-4263-9072-75A82B24FEE8}
		{3E8FDD34-90B1-4C5C-B65F-F0998486BF74} = {647C3604-80EE-4263-9072-75A82B24FEE8}
		{6558728B-3238-4C98-91BD-D67DDB83330D} = {3E8FDD34-90B1-4C5C-B65F-F0998486BF74}
		{0DD02E6D-D79D-41D2-807B-67A2C48F5978} = {3E8FDD34-90B1-4C5C-B65F-F0998486BF74}
		{16B8E68C-64F8-419F-B358-FC751A9FD861} = {3E8FDD34-90B1-4C5C-B65F-F0998486BF74}
		{C5EBAC68-339E-4A42-B5BB-203FB00B5841} = {3E8FDD34-90B1-4C5C-B65F-F0998486BF74}
		{FE0622C1-B028-46AF-A4D1-6C115D79336E} = {3E8FDD34-90B1-4C5C-B65F-F0998486BF74}
		{5A295EF9-4739-4342-AE1C-223B9FDA6415} = {3E8FDD34-90B1-4C5C-B65F-F0998486BF74}
		{5A140620-046B-4A49-8937-42E6852D78C3} = {3E8FDD34-90B1-4C5C-B65F-F0998486BF74}
	EndGlobalSection
EndGlobal
